// !$*UTF8*$!
{
	archiveVersion = 1;
	classes = {
	};
	objectVersion = 50;
	objects = {

/* Begin PBXBuildFile section */
		3204751F223DA1A30027218F /* CaptionBoxView.swift in Sources */ = {isa = PBXBuildFile; fileRef = 3204751E223DA1A30027218F /* CaptionBoxView.swift */; };
		32047525223DA7910027218F /* NSString+Drawing.swift in Sources */ = {isa = PBXBuildFile; fileRef = 32047524223DA7910027218F /* NSString+Drawing.swift */; };
		3216F7F62274FC3E00E11EBD /* AppSandboxFileAccessPersist.m in Sources */ = {isa = PBXBuildFile; fileRef = 3216F7EF2274FC3E00E11EBD /* AppSandboxFileAccessPersist.m */; };
		3216F7F72274FC3E00E11EBD /* AppSandboxFileAccess.m in Sources */ = {isa = PBXBuildFile; fileRef = 3216F7F12274FC3E00E11EBD /* AppSandboxFileAccess.m */; };
		3216F7F82274FC3E00E11EBD /* AppSandboxFileAccessOpenSavePanelDelegate.m in Sources */ = {isa = PBXBuildFile; fileRef = 3216F7F32274FC3E00E11EBD /* AppSandboxFileAccessOpenSavePanelDelegate.m */; };
		3216F828227501F200E11EBD /* ComboColorWell.swift in Sources */ = {isa = PBXBuildFile; fileRef = 3216F826227501F200E11EBD /* ComboColorWell.swift */; };
		3216F829227501F200E11EBD /* ComboColorWellImages.xcassets in Resources */ = {isa = PBXBuildFile; fileRef = 3216F827227501F200E11EBD /* ComboColorWellImages.xcassets */; };
		3216F82E2275145700E11EBD /* QuickCaption_Acknowledgements.pdf in Resources */ = {isa = PBXBuildFile; fileRef = 3216F82C2275145700E11EBD /* QuickCaption_Acknowledgements.pdf */; };
		321DC3C52235FE650038C8FB /* Caption.xcdatamodeld in Sources */ = {isa = PBXBuildFile; fileRef = 321DC3C32235FE650038C8FB /* Caption.xcdatamodeld */; };
		321DC3CB2236037C0038C8FB /* WaveFormDrawer.swift in Sources */ = {isa = PBXBuildFile; fileRef = 321DC3C82236037C0038C8FB /* WaveFormDrawer.swift */; };
		321DC3CC2236037C0038C8FB /* SamplesExtractor.swift in Sources */ = {isa = PBXBuildFile; fileRef = 321DC3C92236037C0038C8FB /* SamplesExtractor.swift */; };
		321DC3CE22360ADC0038C8FB /* SidebarViewController.swift in Sources */ = {isa = PBXBuildFile; fileRef = 321DC3CD22360ADC0038C8FB /* SidebarViewController.swift */; };
		321DC3D022360F310038C8FB /* SubtitlesViewController.swift in Sources */ = {isa = PBXBuildFile; fileRef = 321DC3CF22360F310038C8FB /* SubtitlesViewController.swift */; };
		321DC3D222360F410038C8FB /* FontViewController.swift in Sources */ = {isa = PBXBuildFile; fileRef = 321DC3D122360F410038C8FB /* FontViewController.swift */; };
		321DC3D4223610750038C8FB /* SideTabViewController.swift in Sources */ = {isa = PBXBuildFile; fileRef = 321DC3D3223610750038C8FB /* SideTabViewController.swift */; };
		321DC3F0223611F00038C8FB /* ResizableInputContainerView.swift in Sources */ = {isa = PBXBuildFile; fileRef = 321DC3EF223611F00038C8FB /* ResizableInputContainerView.swift */; };
		321DC3F5223615E90038C8FB /* MainSplitViewController.swift in Sources */ = {isa = PBXBuildFile; fileRef = 321DC3F4223615E90038C8FB /* MainSplitViewController.swift */; };
		321DC3F722361E3D0038C8FB /* CaptionExportViewController.swift in Sources */ = {isa = PBXBuildFile; fileRef = 321DC3F622361E3D0038C8FB /* CaptionExportViewController.swift */; };
		321DC3F92236216B0038C8FB /* Helper.swift in Sources */ = {isa = PBXBuildFile; fileRef = 321DC3F82236216B0038C8FB /* Helper.swift */; };
		321DC3FD223623500038C8FB /* Exporter.swift in Sources */ = {isa = PBXBuildFile; fileRef = 321DC3FC223623500038C8FB /* Exporter.swift */; };
		321DC401223629030038C8FB /* SidebarEpisodeTableCellView.swift in Sources */ = {isa = PBXBuildFile; fileRef = 321DC400223629030038C8FB /* SidebarEpisodeTableCellView.swift */; };
		322F4482223F367700427898 /* WaveformPreviewContainerView.swift in Sources */ = {isa = PBXBuildFile; fileRef = 322F4481223F367700427898 /* WaveformPreviewContainerView.swift */; };
		322F448D223F4CC500427898 /* GBDeviceInfo_OSX.m in Sources */ = {isa = PBXBuildFile; fileRef = 322F4484223F4CC500427898 /* GBDeviceInfo_OSX.m */; };
		322F448E223F4CC500427898 /* GBDeviceInfo_Common.m in Sources */ = {isa = PBXBuildFile; fileRef = 322F448B223F4CC500427898 /* GBDeviceInfo_Common.m */; };
		322F4495223F720F00427898 /* QuickCaptionScrollView.m in Sources */ = {isa = PBXBuildFile; fileRef = 322F4494223F720F00427898 /* QuickCaptionScrollView.m */; };
		322F4497223F818F00427898 /* CaptionWaveformBox.swift in Sources */ = {isa = PBXBuildFile; fileRef = 322F4496223F818F00427898 /* CaptionWaveformBox.swift */; };
		3238E9412275E5F1005A0145 /* OpaqueNSScroller.swift in Sources */ = {isa = PBXBuildFile; fileRef = 3238E9402275E5F1005A0145 /* OpaqueNSScroller.swift */; };
		3238E9472276080E005A0145 /* NSObject+KVO.m in Sources */ = {isa = PBXBuildFile; fileRef = 32047522223DA6100027218F /* NSObject+KVO.m */; };
		324971D222190D1C00562223 /* CaptionWindowController.swift in Sources */ = {isa = PBXBuildFile; fileRef = 324971D122190D1C00562223 /* CaptionWindowController.swift */; };
		324971DB221929C000562223 /* Security.framework in Frameworks */ = {isa = PBXBuildFile; fileRef = 324971DA221929C000562223 /* Security.framework */; };
		326A0906223DD62B009A8313 /* TimelineOverallView.swift in Sources */ = {isa = PBXBuildFile; fileRef = 326A0905223DD62B009A8313 /* TimelineOverallView.swift */; };
		326A0908223DD7E9009A8313 /* SubtitleTrackContainerView.swift in Sources */ = {isa = PBXBuildFile; fileRef = 326A0907223DD7E9009A8313 /* SubtitleTrackContainerView.swift */; };
		326A090A223E0C48009A8313 /* NSView+Extensions.swift in Sources */ = {isa = PBXBuildFile; fileRef = 326A0909223E0C48009A8313 /* NSView+Extensions.swift */; };
		326A090C223E0CD2009A8313 /* VideoPreviewContainerView.swift in Sources */ = {isa = PBXBuildFile; fileRef = 326A090B223E0CD2009A8313 /* VideoPreviewContainerView.swift */; };
		326A090E223E3482009A8313 /* SwiftHEXColors.swift in Sources */ = {isa = PBXBuildFile; fileRef = 326A090D223E3482009A8313 /* SwiftHEXColors.swift */; };
		326A0910223F03BE009A8313 /* QuickCaptionApplication.swift in Sources */ = {isa = PBXBuildFile; fileRef = 326A090F223F03BE009A8313 /* QuickCaptionApplication.swift */; };
		326A0912223F0699009A8313 /* QuickCaptionWindow.swift in Sources */ = {isa = PBXBuildFile; fileRef = 326A0911223F0699009A8313 /* QuickCaptionWindow.swift */; };
		326A0914223F0CFF009A8313 /* Caption in Resources */ = {isa = PBXBuildFile; fileRef = 326A0913223F0CFF009A8313 /* Caption */; };
		326A0916223F131F009A8313 /* ShadowPreferences.swift in Sources */ = {isa = PBXBuildFile; fileRef = 326A0915223F131F009A8313 /* ShadowPreferences.swift */; };
		326A0918223F297C009A8313 /* Saver.swift in Sources */ = {isa = PBXBuildFile; fileRef = 326A0917223F297C009A8313 /* Saver.swift */; };
		32D5731322756354007BBAB6 /* NonSmoothedTextField.m in Sources */ = {isa = PBXBuildFile; fileRef = 32D5731222756354007BBAB6 /* NonSmoothedTextField.m */; };
		32F53CCC22376052007B66E1 /* CaptionDetailTableCellView.swift in Sources */ = {isa = PBXBuildFile; fileRef = 32F53CCB22376052007B66E1 /* CaptionDetailTableCellView.swift */; };
		32F53CCF223762F7007B66E1 /* VerticallyCenteredTextFieldCell.swift in Sources */ = {isa = PBXBuildFile; fileRef = 32F53CCE223762F7007B66E1 /* VerticallyCenteredTextFieldCell.swift */; };
		32F53CD122376314007B66E1 /* UnscrollableScrollView.swift in Sources */ = {isa = PBXBuildFile; fileRef = 32F53CD022376314007B66E1 /* UnscrollableScrollView.swift */; };
		32F53CE022376C4D007B66E1 /* CaptionLine+CoreDataClass.swift in Sources */ = {isa = PBXBuildFile; fileRef = 32F53CDC22376C4D007B66E1 /* CaptionLine+CoreDataClass.swift */; };
		32F53CE522377262007B66E1 /* CaptionLine+CoreDataProperties.swift in Sources */ = {isa = PBXBuildFile; fileRef = 32F53CE422377262007B66E1 /* CaptionLine+CoreDataProperties.swift */; };
		32FEC1542276314600487C9D /* EpisodeProject+CoreDataClass.swift in Sources */ = {isa = PBXBuildFile; fileRef = 32FEC1522276314600487C9D /* EpisodeProject+CoreDataClass.swift */; };
		32FEC1552276314600487C9D /* EpisodeProject+CoreDataProperties.swift in Sources */ = {isa = PBXBuildFile; fileRef = 32FEC1532276314600487C9D /* EpisodeProject+CoreDataProperties.swift */; };
		32FEC1562276324400487C9D /* NSMutableSet+Additions.m in Sources */ = {isa = PBXBuildFile; fileRef = 3238E9442276005A005A0145 /* NSMutableSet+Additions.m */; };
		32FEC1572276324700487C9D /* NSSet+Additions.m in Sources */ = {isa = PBXBuildFile; fileRef = 32D5730F22755C1A007BBAB6 /* NSSet+Additions.m */; };
		3C43B6942068A7A000219EF6 /* film.icns in Resources */ = {isa = PBXBuildFile; fileRef = 3C43B6932068A7A000219EF6 /* film.icns */; };
		3C7D2E592066F96100F5B22F /* FileCoordinator.swift in Sources */ = {isa = PBXBuildFile; fileRef = 3C7D2E582066F96100F5B22F /* FileCoordinator.swift */; };
		562A68851F2D4F5E000E6B16 /* AppDelegate.swift in Sources */ = {isa = PBXBuildFile; fileRef = 562A68841F2D4F5E000E6B16 /* AppDelegate.swift */; };
		562A68871F2D4F5E000E6B16 /* MovieViewController.swift in Sources */ = {isa = PBXBuildFile; fileRef = 562A68861F2D4F5E000E6B16 /* MovieViewController.swift */; };
		562A68891F2D4F5E000E6B16 /* Assets.xcassets in Resources */ = {isa = PBXBuildFile; fileRef = 562A68881F2D4F5E000E6B16 /* Assets.xcassets */; };
		562A688C1F2D4F5E000E6B16 /* Main.storyboard in Resources */ = {isa = PBXBuildFile; fileRef = 562A688A1F2D4F5E000E6B16 /* Main.storyboard */; };
		562A68951F2D4FBE000E6B16 /* AVFoundation.framework in Frameworks */ = {isa = PBXBuildFile; fileRef = 562A68941F2D4FBE000E6B16 /* AVFoundation.framework */; };
		562A68971F2D4FC1000E6B16 /* AVKit.framework in Frameworks */ = {isa = PBXBuildFile; fileRef = 562A68961F2D4FC1000E6B16 /* AVKit.framework */; };
/* End PBXBuildFile section */

/* Begin PBXCopyFilesBuildPhase section */
		324971D52219245F00562223 /* CopyFiles */ = {
			isa = PBXCopyFilesBuildPhase;
			buildActionMask = 2147483647;
			dstPath = "";
			dstSubfolderSpec = 10;
			files = (
			);
			runOnlyForDeploymentPostprocessing = 0;
		};
/* End PBXCopyFilesBuildPhase section */

/* Begin PBXFileReference section */
		3204751E223DA1A30027218F /* CaptionBoxView.swift */ = {isa = PBXFileReference; lastKnownFileType = sourcecode.swift; path = CaptionBoxView.swift; sourceTree = "<group>"; };
		32047520223DA60F0027218F /* Quick Caption-Bridging-Header.h */ = {isa = PBXFileReference; lastKnownFileType = sourcecode.c.h; path = "Quick Caption-Bridging-Header.h"; sourceTree = "<group>"; };
		32047521223DA6100027218F /* NSObject+KVO.h */ = {isa = PBXFileReference; fileEncoding = 4; lastKnownFileType = sourcecode.c.h; path = "NSObject+KVO.h"; sourceTree = "<group>"; };
		32047522223DA6100027218F /* NSObject+KVO.m */ = {isa = PBXFileReference; fileEncoding = 4; lastKnownFileType = sourcecode.c.objc; path = "NSObject+KVO.m"; sourceTree = "<group>"; };
		32047524223DA7910027218F /* NSString+Drawing.swift */ = {isa = PBXFileReference; fileEncoding = 4; lastKnownFileType = sourcecode.swift; path = "NSString+Drawing.swift"; sourceTree = "<group>"; };
		3216F7EE2274FC3E00E11EBD /* AppSandboxFileAccess.h */ = {isa = PBXFileReference; fileEncoding = 4; lastKnownFileType = sourcecode.c.h; path = AppSandboxFileAccess.h; sourceTree = "<group>"; };
		3216F7EF2274FC3E00E11EBD /* AppSandboxFileAccessPersist.m */ = {isa = PBXFileReference; fileEncoding = 4; lastKnownFileType = sourcecode.c.objc; path = AppSandboxFileAccessPersist.m; sourceTree = "<group>"; };
		3216F7F02274FC3E00E11EBD /* AppSandboxFileAccessOpenSavePanelDelegate.h */ = {isa = PBXFileReference; fileEncoding = 4; lastKnownFileType = sourcecode.c.h; path = AppSandboxFileAccessOpenSavePanelDelegate.h; sourceTree = "<group>"; };
		3216F7F12274FC3E00E11EBD /* AppSandboxFileAccess.m */ = {isa = PBXFileReference; fileEncoding = 4; lastKnownFileType = sourcecode.c.objc; path = AppSandboxFileAccess.m; sourceTree = "<group>"; };
		3216F7F22274FC3E00E11EBD /* AppSandboxFileAccessPersist.h */ = {isa = PBXFileReference; fileEncoding = 4; lastKnownFileType = sourcecode.c.h; path = AppSandboxFileAccessPersist.h; sourceTree = "<group>"; };
		3216F7F32274FC3E00E11EBD /* AppSandboxFileAccessOpenSavePanelDelegate.m */ = {isa = PBXFileReference; fileEncoding = 4; lastKnownFileType = sourcecode.c.objc; path = AppSandboxFileAccessOpenSavePanelDelegate.m; sourceTree = "<group>"; };
		3216F826227501F200E11EBD /* ComboColorWell.swift */ = {isa = PBXFileReference; fileEncoding = 4; lastKnownFileType = sourcecode.swift; path = ComboColorWell.swift; sourceTree = "<group>"; };
		3216F827227501F200E11EBD /* ComboColorWellImages.xcassets */ = {isa = PBXFileReference; lastKnownFileType = folder.assetcatalog; path = ComboColorWellImages.xcassets; sourceTree = "<group>"; };
		3216F82B2275145700E11EBD /* QuickCaption_Acknowledgements.pages */ = {isa = PBXFileReference; lastKnownFileType = file; path = QuickCaption_Acknowledgements.pages; sourceTree = "<group>"; };
		3216F82C2275145700E11EBD /* QuickCaption_Acknowledgements.pdf */ = {isa = PBXFileReference; lastKnownFileType = image.pdf; path = QuickCaption_Acknowledgements.pdf; sourceTree = "<group>"; };
		321DC3C42235FE650038C8FB /* Caption.xcdatamodel */ = {isa = PBXFileReference; lastKnownFileType = wrapper.xcdatamodel; path = Caption.xcdatamodel; sourceTree = "<group>"; };
		321DC3C82236037C0038C8FB /* WaveFormDrawer.swift */ = {isa = PBXFileReference; fileEncoding = 4; lastKnownFileType = sourcecode.swift; path = WaveFormDrawer.swift; sourceTree = "<group>"; };
		321DC3C92236037C0038C8FB /* SamplesExtractor.swift */ = {isa = PBXFileReference; fileEncoding = 4; lastKnownFileType = sourcecode.swift; path = SamplesExtractor.swift; sourceTree = "<group>"; };
		321DC3CD22360ADC0038C8FB /* SidebarViewController.swift */ = {isa = PBXFileReference; lastKnownFileType = sourcecode.swift; path = SidebarViewController.swift; sourceTree = "<group>"; };
		321DC3CF22360F310038C8FB /* SubtitlesViewController.swift */ = {isa = PBXFileReference; lastKnownFileType = sourcecode.swift; path = SubtitlesViewController.swift; sourceTree = "<group>"; };
		321DC3D122360F410038C8FB /* FontViewController.swift */ = {isa = PBXFileReference; lastKnownFileType = sourcecode.swift; path = FontViewController.swift; sourceTree = "<group>"; };
		321DC3D3223610750038C8FB /* SideTabViewController.swift */ = {isa = PBXFileReference; lastKnownFileType = sourcecode.swift; path = SideTabViewController.swift; sourceTree = "<group>"; };
		321DC3EF223611F00038C8FB /* ResizableInputContainerView.swift */ = {isa = PBXFileReference; lastKnownFileType = sourcecode.swift; path = ResizableInputContainerView.swift; sourceTree = "<group>"; };
		321DC3F4223615E90038C8FB /* MainSplitViewController.swift */ = {isa = PBXFileReference; lastKnownFileType = sourcecode.swift; path = MainSplitViewController.swift; sourceTree = "<group>"; };
		321DC3F622361E3D0038C8FB /* CaptionExportViewController.swift */ = {isa = PBXFileReference; lastKnownFileType = sourcecode.swift; path = CaptionExportViewController.swift; sourceTree = "<group>"; };
		321DC3F82236216B0038C8FB /* Helper.swift */ = {isa = PBXFileReference; lastKnownFileType = sourcecode.swift; path = Helper.swift; sourceTree = "<group>"; };
		321DC3FC223623500038C8FB /* Exporter.swift */ = {isa = PBXFileReference; lastKnownFileType = sourcecode.swift; path = Exporter.swift; sourceTree = "<group>"; };
		321DC400223629030038C8FB /* SidebarEpisodeTableCellView.swift */ = {isa = PBXFileReference; lastKnownFileType = sourcecode.swift; path = SidebarEpisodeTableCellView.swift; sourceTree = "<group>"; };
		322F4481223F367700427898 /* WaveformPreviewContainerView.swift */ = {isa = PBXFileReference; lastKnownFileType = sourcecode.swift; path = WaveformPreviewContainerView.swift; sourceTree = "<group>"; };
		322F4484223F4CC500427898 /* GBDeviceInfo_OSX.m */ = {isa = PBXFileReference; fileEncoding = 4; lastKnownFileType = sourcecode.c.objc; path = GBDeviceInfo_OSX.m; sourceTree = "<group>"; };
		322F4485223F4CC500427898 /* GBDeviceInfo_Common.h */ = {isa = PBXFileReference; fileEncoding = 4; lastKnownFileType = sourcecode.c.h; path = GBDeviceInfo_Common.h; sourceTree = "<group>"; };
		322F4486223F4CC500427898 /* GBDeviceInfoTypes_Common.h */ = {isa = PBXFileReference; fileEncoding = 4; lastKnownFileType = sourcecode.c.h; path = GBDeviceInfoTypes_Common.h; sourceTree = "<group>"; };
		322F4487223F4CC500427898 /* GBDeviceInfoTypes_OSX.h */ = {isa = PBXFileReference; fileEncoding = 4; lastKnownFileType = sourcecode.c.h; path = GBDeviceInfoTypes_OSX.h; sourceTree = "<group>"; };
		322F4488223F4CC500427898 /* GBDeviceInfo_OSX.h */ = {isa = PBXFileReference; fileEncoding = 4; lastKnownFileType = sourcecode.c.h; path = GBDeviceInfo_OSX.h; sourceTree = "<group>"; };
		322F4489223F4CC500427898 /* GBDeviceInfo.h */ = {isa = PBXFileReference; fileEncoding = 4; lastKnownFileType = sourcecode.c.h; path = GBDeviceInfo.h; sourceTree = "<group>"; };
		322F448A223F4CC500427898 /* GBDeviceInfo_Subclass.h */ = {isa = PBXFileReference; fileEncoding = 4; lastKnownFileType = sourcecode.c.h; path = GBDeviceInfo_Subclass.h; sourceTree = "<group>"; };
		322F448B223F4CC500427898 /* GBDeviceInfo_Common.m */ = {isa = PBXFileReference; fileEncoding = 4; lastKnownFileType = sourcecode.c.objc; path = GBDeviceInfo_Common.m; sourceTree = "<group>"; };
		322F448C223F4CC500427898 /* GBDeviceInfoInterface.h */ = {isa = PBXFileReference; fileEncoding = 4; lastKnownFileType = sourcecode.c.h; path = GBDeviceInfoInterface.h; sourceTree = "<group>"; };
		322F4493223F720F00427898 /* QuickCaptionScrollView.h */ = {isa = PBXFileReference; lastKnownFileType = sourcecode.c.h; path = QuickCaptionScrollView.h; sourceTree = "<group>"; };
		322F4494223F720F00427898 /* QuickCaptionScrollView.m */ = {isa = PBXFileReference; lastKnownFileType = sourcecode.c.objc; path = QuickCaptionScrollView.m; sourceTree = "<group>"; };
		322F4496223F818F00427898 /* CaptionWaveformBox.swift */ = {isa = PBXFileReference; lastKnownFileType = sourcecode.swift; path = CaptionWaveformBox.swift; sourceTree = "<group>"; };
		3238E9402275E5F1005A0145 /* OpaqueNSScroller.swift */ = {isa = PBXFileReference; lastKnownFileType = sourcecode.swift; path = OpaqueNSScroller.swift; sourceTree = "<group>"; };
		3238E9432276005A005A0145 /* NSMutableSet+Additions.h */ = {isa = PBXFileReference; lastKnownFileType = sourcecode.c.h; path = "NSMutableSet+Additions.h"; sourceTree = "<group>"; };
		3238E9442276005A005A0145 /* NSMutableSet+Additions.m */ = {isa = PBXFileReference; lastKnownFileType = sourcecode.c.objc; path = "NSMutableSet+Additions.m"; sourceTree = "<group>"; };
		324971D122190D1C00562223 /* CaptionWindowController.swift */ = {isa = PBXFileReference; lastKnownFileType = sourcecode.swift; path = CaptionWindowController.swift; sourceTree = "<group>"; };
		324971DA221929C000562223 /* Security.framework */ = {isa = PBXFileReference; lastKnownFileType = wrapper.framework; name = Security.framework; path = System/Library/Frameworks/Security.framework; sourceTree = SDKROOT; };
		326A0905223DD62B009A8313 /* TimelineOverallView.swift */ = {isa = PBXFileReference; lastKnownFileType = sourcecode.swift; path = TimelineOverallView.swift; sourceTree = "<group>"; };
		326A0907223DD7E9009A8313 /* SubtitleTrackContainerView.swift */ = {isa = PBXFileReference; lastKnownFileType = sourcecode.swift; path = SubtitleTrackContainerView.swift; sourceTree = "<group>"; };
		326A0909223E0C48009A8313 /* NSView+Extensions.swift */ = {isa = PBXFileReference; lastKnownFileType = sourcecode.swift; path = "NSView+Extensions.swift"; sourceTree = "<group>"; };
		326A090B223E0CD2009A8313 /* VideoPreviewContainerView.swift */ = {isa = PBXFileReference; lastKnownFileType = sourcecode.swift; path = VideoPreviewContainerView.swift; sourceTree = "<group>"; };
		326A090D223E3482009A8313 /* SwiftHEXColors.swift */ = {isa = PBXFileReference; fileEncoding = 4; lastKnownFileType = sourcecode.swift; path = SwiftHEXColors.swift; sourceTree = "<group>"; };
		326A090F223F03BE009A8313 /* QuickCaptionApplication.swift */ = {isa = PBXFileReference; lastKnownFileType = sourcecode.swift; name = QuickCaptionApplication.swift; path = Caption/Views/QuickCaptionApplication.swift; sourceTree = SOURCE_ROOT; };
		326A0911223F0699009A8313 /* QuickCaptionWindow.swift */ = {isa = PBXFileReference; lastKnownFileType = sourcecode.swift; path = QuickCaptionWindow.swift; sourceTree = "<group>"; };
		326A0913223F0CFF009A8313 /* Caption */ = {isa = PBXFileReference; lastKnownFileType = folder; path = Caption; sourceTree = "<group>"; };
		326A0915223F131F009A8313 /* ShadowPreferences.swift */ = {isa = PBXFileReference; lastKnownFileType = sourcecode.swift; path = ShadowPreferences.swift; sourceTree = "<group>"; };
		326A0917223F297C009A8313 /* Saver.swift */ = {isa = PBXFileReference; lastKnownFileType = sourcecode.swift; path = Saver.swift; sourceTree = "<group>"; };
		32D5730E22755C1A007BBAB6 /* NSSet+Additions.h */ = {isa = PBXFileReference; lastKnownFileType = sourcecode.c.h; path = "NSSet+Additions.h"; sourceTree = "<group>"; };
		32D5730F22755C1A007BBAB6 /* NSSet+Additions.m */ = {isa = PBXFileReference; lastKnownFileType = sourcecode.c.objc; path = "NSSet+Additions.m"; sourceTree = "<group>"; };
		32D5731122756354007BBAB6 /* NonSmoothedTextField.h */ = {isa = PBXFileReference; lastKnownFileType = sourcecode.c.h; path = NonSmoothedTextField.h; sourceTree = "<group>"; };
		32D5731222756354007BBAB6 /* NonSmoothedTextField.m */ = {isa = PBXFileReference; lastKnownFileType = sourcecode.c.objc; path = NonSmoothedTextField.m; sourceTree = "<group>"; };
		32F53CCB22376052007B66E1 /* CaptionDetailTableCellView.swift */ = {isa = PBXFileReference; lastKnownFileType = sourcecode.swift; path = CaptionDetailTableCellView.swift; sourceTree = "<group>"; };
		32F53CCE223762F7007B66E1 /* VerticallyCenteredTextFieldCell.swift */ = {isa = PBXFileReference; lastKnownFileType = sourcecode.swift; path = VerticallyCenteredTextFieldCell.swift; sourceTree = "<group>"; };
		32F53CD022376314007B66E1 /* UnscrollableScrollView.swift */ = {isa = PBXFileReference; lastKnownFileType = sourcecode.swift; path = UnscrollableScrollView.swift; sourceTree = "<group>"; };
		32F53CDC22376C4D007B66E1 /* CaptionLine+CoreDataClass.swift */ = {isa = PBXFileReference; lastKnownFileType = sourcecode.swift; path = "CaptionLine+CoreDataClass.swift"; sourceTree = "<group>"; };
		32F53CE422377262007B66E1 /* CaptionLine+CoreDataProperties.swift */ = {isa = PBXFileReference; fileEncoding = 4; lastKnownFileType = sourcecode.swift; path = "CaptionLine+CoreDataProperties.swift"; sourceTree = "<group>"; };
		32FEC1522276314600487C9D /* EpisodeProject+CoreDataClass.swift */ = {isa = PBXFileReference; lastKnownFileType = sourcecode.swift; path = "EpisodeProject+CoreDataClass.swift"; sourceTree = "<group>"; };
		32FEC1532276314600487C9D /* EpisodeProject+CoreDataProperties.swift */ = {isa = PBXFileReference; lastKnownFileType = sourcecode.swift; path = "EpisodeProject+CoreDataProperties.swift"; sourceTree = "<group>"; };
		3C43B6932068A7A000219EF6 /* film.icns */ = {isa = PBXFileReference; lastKnownFileType = image.icns; path = film.icns; sourceTree = "<group>"; };
		3C7D2E572066F7F600F5B22F /* Quick Caption.entitlements */ = {isa = PBXFileReference; lastKnownFileType = text.plist.entitlements; path = "Quick Caption.entitlements"; sourceTree = "<group>"; };
		3C7D2E582066F96100F5B22F /* FileCoordinator.swift */ = {isa = PBXFileReference; lastKnownFileType = sourcecode.swift; path = FileCoordinator.swift; sourceTree = "<group>"; };
		562A68811F2D4F5E000E6B16 /* Quick Caption.app */ = {isa = PBXFileReference; explicitFileType = wrapper.application; includeInIndex = 0; path = "Quick Caption.app"; sourceTree = BUILT_PRODUCTS_DIR; };
		562A68841F2D4F5E000E6B16 /* AppDelegate.swift */ = {isa = PBXFileReference; lastKnownFileType = sourcecode.swift; path = AppDelegate.swift; sourceTree = "<group>"; };
		562A68861F2D4F5E000E6B16 /* MovieViewController.swift */ = {isa = PBXFileReference; lastKnownFileType = sourcecode.swift; path = MovieViewController.swift; sourceTree = "<group>"; };
		562A68881F2D4F5E000E6B16 /* Assets.xcassets */ = {isa = PBXFileReference; lastKnownFileType = folder.assetcatalog; path = Assets.xcassets; sourceTree = "<group>"; };
		562A688B1F2D4F5E000E6B16 /* Base */ = {isa = PBXFileReference; lastKnownFileType = file.storyboard; name = Base; path = Base.lproj/Main.storyboard; sourceTree = "<group>"; };
		562A688D1F2D4F5E000E6B16 /* Info.plist */ = {isa = PBXFileReference; lastKnownFileType = text.plist.xml; path = Info.plist; sourceTree = "<group>"; };
		562A68941F2D4FBE000E6B16 /* AVFoundation.framework */ = {isa = PBXFileReference; lastKnownFileType = wrapper.framework; name = AVFoundation.framework; path = System/Library/Frameworks/AVFoundation.framework; sourceTree = SDKROOT; };
		562A68961F2D4FC1000E6B16 /* AVKit.framework */ = {isa = PBXFileReference; lastKnownFileType = wrapper.framework; name = AVKit.framework; path = System/Library/Frameworks/AVKit.framework; sourceTree = SDKROOT; };
/* End PBXFileReference section */

/* Begin PBXFrameworksBuildPhase section */
		562A687E1F2D4F5E000E6B16 /* Frameworks */ = {
			isa = PBXFrameworksBuildPhase;
			buildActionMask = 2147483647;
			files = (
				324971DB221929C000562223 /* Security.framework in Frameworks */,
				562A68971F2D4FC1000E6B16 /* AVKit.framework in Frameworks */,
				562A68951F2D4FBE000E6B16 /* AVFoundation.framework in Frameworks */,
			);
			runOnlyForDeploymentPostprocessing = 0;
		};
/* End PBXFrameworksBuildPhase section */

/* Begin PBXGroup section */
		3216F7EC2274FC3E00E11EBD /* AppSandboxFileAccess */ = {
			isa = PBXGroup;
			children = (
				3216F7EE2274FC3E00E11EBD /* AppSandboxFileAccess.h */,
				3216F7EF2274FC3E00E11EBD /* AppSandboxFileAccessPersist.m */,
				3216F7F02274FC3E00E11EBD /* AppSandboxFileAccessOpenSavePanelDelegate.h */,
				3216F7F12274FC3E00E11EBD /* AppSandboxFileAccess.m */,
				3216F7F22274FC3E00E11EBD /* AppSandboxFileAccessPersist.h */,
				3216F7F32274FC3E00E11EBD /* AppSandboxFileAccessOpenSavePanelDelegate.m */,
			);
			path = AppSandboxFileAccess;
			sourceTree = "<group>";
		};
		3216F825227501F200E11EBD /* ComboColorWell */ = {
			isa = PBXGroup;
			children = (
				3216F826227501F200E11EBD /* ComboColorWell.swift */,
				3216F827227501F200E11EBD /* ComboColorWellImages.xcassets */,
			);
			path = ComboColorWell;
			sourceTree = "<group>";
		};
		3216F82A2275145700E11EBD /* Credits */ = {
			isa = PBXGroup;
			children = (
				3216F82B2275145700E11EBD /* QuickCaption_Acknowledgements.pages */,
				3216F82C2275145700E11EBD /* QuickCaption_Acknowledgements.pdf */,
			);
			path = Credits;
			sourceTree = "<group>";
		};
		321DC3C6223603740038C8FB /* Waveform */ = {
			isa = PBXGroup;
			children = (
				321DC3C92236037C0038C8FB /* SamplesExtractor.swift */,
				321DC3C82236037C0038C8FB /* WaveFormDrawer.swift */,
			);
			path = Waveform;
			sourceTree = "<group>";
		};
		321DC3F12236156F0038C8FB /* Views */ = {
			isa = PBXGroup;
			children = (
				562A688A1F2D4F5E000E6B16 /* Main.storyboard */,
				32D5731122756354007BBAB6 /* NonSmoothedTextField.h */,
				32D5731222756354007BBAB6 /* NonSmoothedTextField.m */,
				322F4496223F818F00427898 /* CaptionWaveformBox.swift */,
				322F4493223F720F00427898 /* QuickCaptionScrollView.h */,
				322F4494223F720F00427898 /* QuickCaptionScrollView.m */,
				322F4481223F367700427898 /* WaveformPreviewContainerView.swift */,
				326A0911223F0699009A8313 /* QuickCaptionWindow.swift */,
				326A0907223DD7E9009A8313 /* SubtitleTrackContainerView.swift */,
				326A090B223E0CD2009A8313 /* VideoPreviewContainerView.swift */,
				326A0905223DD62B009A8313 /* TimelineOverallView.swift */,
				321DC400223629030038C8FB /* SidebarEpisodeTableCellView.swift */,
				321DC3F622361E3D0038C8FB /* CaptionExportViewController.swift */,
				321DC3F4223615E90038C8FB /* MainSplitViewController.swift */,
				562A68861F2D4F5E000E6B16 /* MovieViewController.swift */,
				3238E9402275E5F1005A0145 /* OpaqueNSScroller.swift */,
				3204751E223DA1A30027218F /* CaptionBoxView.swift */,
				324971D122190D1C00562223 /* CaptionWindowController.swift */,
				321DC3CD22360ADC0038C8FB /* SidebarViewController.swift */,
				321DC3CF22360F310038C8FB /* SubtitlesViewController.swift */,
				32F53CCB22376052007B66E1 /* CaptionDetailTableCellView.swift */,
				321DC3D122360F410038C8FB /* FontViewController.swift */,
				321DC3D3223610750038C8FB /* SideTabViewController.swift */,
				321DC3EF223611F00038C8FB /* ResizableInputContainerView.swift */,
			);
			path = Views;
			sourceTree = "<group>";
		};
		321DC3F22236157D0038C8FB /* Model */ = {
			isa = PBXGroup;
			children = (
				32FEC1522276314600487C9D /* EpisodeProject+CoreDataClass.swift */,
				32FEC1532276314600487C9D /* EpisodeProject+CoreDataProperties.swift */,
				32F53CDC22376C4D007B66E1 /* CaptionLine+CoreDataClass.swift */,
				32F53CE422377262007B66E1 /* CaptionLine+CoreDataProperties.swift */,
				3C7D2E582066F96100F5B22F /* FileCoordinator.swift */,
				321DC3FC223623500038C8FB /* Exporter.swift */,
				326A0917223F297C009A8313 /* Saver.swift */,
				321DC3C32235FE650038C8FB /* Caption.xcdatamodeld */,
			);
			path = Model;
			sourceTree = "<group>";
		};
		321DC3F3223615840038C8FB /* Others */ = {
			isa = PBXGroup;
			children = (
				3216F825227501F200E11EBD /* ComboColorWell */,
				3216F7EC2274FC3E00E11EBD /* AppSandboxFileAccess */,
				321DC3C6223603740038C8FB /* Waveform */,
				322F4483223F4CC500427898 /* GBDeviceInfo */,
				326A0913223F0CFF009A8313 /* Caption */,
				32047521223DA6100027218F /* NSObject+KVO.h */,
				32047522223DA6100027218F /* NSObject+KVO.m */,
				32D5730E22755C1A007BBAB6 /* NSSet+Additions.h */,
				32D5730F22755C1A007BBAB6 /* NSSet+Additions.m */,
				3238E9432276005A005A0145 /* NSMutableSet+Additions.h */,
				3238E9442276005A005A0145 /* NSMutableSet+Additions.m */,
				562A68841F2D4F5E000E6B16 /* AppDelegate.swift */,
				326A090F223F03BE009A8313 /* QuickCaptionApplication.swift */,
				321DC3F82236216B0038C8FB /* Helper.swift */,
				326A0915223F131F009A8313 /* ShadowPreferences.swift */,
				3C43B6932068A7A000219EF6 /* film.icns */,
				562A68881F2D4F5E000E6B16 /* Assets.xcassets */,
				562A688D1F2D4F5E000E6B16 /* Info.plist */,
				32047520223DA60F0027218F /* Quick Caption-Bridging-Header.h */,
			);
			path = Others;
			sourceTree = "<group>";
		};
		322F4483223F4CC500427898 /* GBDeviceInfo */ = {
			isa = PBXGroup;
			children = (
				322F4484223F4CC500427898 /* GBDeviceInfo_OSX.m */,
				322F4485223F4CC500427898 /* GBDeviceInfo_Common.h */,
				322F4486223F4CC500427898 /* GBDeviceInfoTypes_Common.h */,
				322F4487223F4CC500427898 /* GBDeviceInfoTypes_OSX.h */,
				322F4488223F4CC500427898 /* GBDeviceInfo_OSX.h */,
				322F4489223F4CC500427898 /* GBDeviceInfo.h */,
				322F448A223F4CC500427898 /* GBDeviceInfo_Subclass.h */,
				322F448B223F4CC500427898 /* GBDeviceInfo_Common.m */,
				322F448C223F4CC500427898 /* GBDeviceInfoInterface.h */,
			);
			path = GBDeviceInfo;
			sourceTree = "<group>";
		};
		32F53CCD223762E2007B66E1 /* AppKit */ = {
			isa = PBXGroup;
			children = (
				326A090D223E3482009A8313 /* SwiftHEXColors.swift */,
				32F53CCE223762F7007B66E1 /* VerticallyCenteredTextFieldCell.swift */,
				32F53CD022376314007B66E1 /* UnscrollableScrollView.swift */,
				32047524223DA7910027218F /* NSString+Drawing.swift */,
				326A0909223E0C48009A8313 /* NSView+Extensions.swift */,
			);
			path = AppKit;
			sourceTree = "<group>";
		};
		562A68781F2D4F5E000E6B16 = {
			isa = PBXGroup;
			children = (
				3C7D2E572066F7F600F5B22F /* Quick Caption.entitlements */,
				562A68831F2D4F5E000E6B16 /* Caption */,
				562A68821F2D4F5E000E6B16 /* Products */,
				562A68931F2D4FBE000E6B16 /* Frameworks */,
			);
			sourceTree = "<group>";
		};
		562A68821F2D4F5E000E6B16 /* Products */ = {
			isa = PBXGroup;
			children = (
				562A68811F2D4F5E000E6B16 /* Quick Caption.app */,
			);
			name = Products;
			sourceTree = "<group>";
		};
		562A68831F2D4F5E000E6B16 /* Caption */ = {
			isa = PBXGroup;
			children = (
				3216F82A2275145700E11EBD /* Credits */,
				32F53CCD223762E2007B66E1 /* AppKit */,
				321DC3F22236157D0038C8FB /* Model */,
				321DC3F12236156F0038C8FB /* Views */,
				321DC3F3223615840038C8FB /* Others */,
			);
			path = Caption;
			sourceTree = "<group>";
		};
		562A68931F2D4FBE000E6B16 /* Frameworks */ = {
			isa = PBXGroup;
			children = (
				324971DA221929C000562223 /* Security.framework */,
				562A68961F2D4FC1000E6B16 /* AVKit.framework */,
				562A68941F2D4FBE000E6B16 /* AVFoundation.framework */,
			);
			name = Frameworks;
			sourceTree = "<group>";
		};
/* End PBXGroup section */

/* Begin PBXNativeTarget section */
		562A68801F2D4F5E000E6B16 /* Quick Caption */ = {
			isa = PBXNativeTarget;
			buildConfigurationList = 562A68901F2D4F5E000E6B16 /* Build configuration list for PBXNativeTarget "Quick Caption" */;
			buildPhases = (
				562A687D1F2D4F5E000E6B16 /* Sources */,
				562A687E1F2D4F5E000E6B16 /* Frameworks */,
				562A687F1F2D4F5E000E6B16 /* Resources */,
				324971D52219245F00562223 /* CopyFiles */,
			);
			buildRules = (
			);
			dependencies = (
			);
			name = "Quick Caption";
			productName = Caption;
			productReference = 562A68811F2D4F5E000E6B16 /* Quick Caption.app */;
			productType = "com.apple.product-type.application";
		};
/* End PBXNativeTarget section */

/* Begin PBXProject section */
		562A68791F2D4F5E000E6B16 /* Project object */ = {
			isa = PBXProject;
			attributes = {
				LastSwiftUpdateCheck = 0830;
				LastUpgradeCheck = 1000;
				ORGANIZATIONNAME = Bright;
				TargetAttributes = {
					562A68801F2D4F5E000E6B16 = {
						CreatedOnToolsVersion = 8.3.3;
						DevelopmentTeam = 3Q7XKEDZ36;
						LastSwiftMigration = 1020;
						ProvisioningStyle = Automatic;
						SystemCapabilities = {
							com.apple.HardenedRuntime = {
								enabled = 1;
							};
							com.apple.Push = {
								enabled = 0;
							};
							com.apple.Sandbox = {
								enabled = 1;
							};
						};
					};
				};
			};
			buildConfigurationList = 562A687C1F2D4F5E000E6B16 /* Build configuration list for PBXProject "Quick Caption" */;
			compatibilityVersion = "Xcode 9.3";
			developmentRegion = en;
			hasScannedForEncodings = 0;
			knownRegions = (
				en,
				Base,
			);
			mainGroup = 562A68781F2D4F5E000E6B16;
			productRefGroup = 562A68821F2D4F5E000E6B16 /* Products */;
			projectDirPath = "";
			projectRoot = "";
			targets = (
				562A68801F2D4F5E000E6B16 /* Quick Caption */,
			);
		};
/* End PBXProject section */

/* Begin PBXResourcesBuildPhase section */
		562A687F1F2D4F5E000E6B16 /* Resources */ = {
			isa = PBXResourcesBuildPhase;
			buildActionMask = 2147483647;
			files = (
				3216F829227501F200E11EBD /* ComboColorWellImages.xcassets in Resources */,
				3C43B6942068A7A000219EF6 /* film.icns in Resources */,
				3216F82E2275145700E11EBD /* QuickCaption_Acknowledgements.pdf in Resources */,
				326A0914223F0CFF009A8313 /* Caption in Resources */,
				562A68891F2D4F5E000E6B16 /* Assets.xcassets in Resources */,
				562A688C1F2D4F5E000E6B16 /* Main.storyboard in Resources */,
			);
			runOnlyForDeploymentPostprocessing = 0;
		};
/* End PBXResourcesBuildPhase section */

/* Begin PBXSourcesBuildPhase section */
		562A687D1F2D4F5E000E6B16 /* Sources */ = {
			isa = PBXSourcesBuildPhase;
			buildActionMask = 2147483647;
			files = (
				326A0906223DD62B009A8313 /* TimelineOverallView.swift in Sources */,
				3238E9412275E5F1005A0145 /* OpaqueNSScroller.swift in Sources */,
				32047525223DA7910027218F /* NSString+Drawing.swift in Sources */,
				326A090E223E3482009A8313 /* SwiftHEXColors.swift in Sources */,
				3216F7F72274FC3E00E11EBD /* AppSandboxFileAccess.m in Sources */,
				3216F7F62274FC3E00E11EBD /* AppSandboxFileAccessPersist.m in Sources */,
				32F53CCF223762F7007B66E1 /* VerticallyCenteredTextFieldCell.swift in Sources */,
				3C7D2E592066F96100F5B22F /* FileCoordinator.swift in Sources */,
				321DC3F722361E3D0038C8FB /* CaptionExportViewController.swift in Sources */,
				32F53CE022376C4D007B66E1 /* CaptionLine+CoreDataClass.swift in Sources */,
				321DC401223629030038C8FB /* SidebarEpisodeTableCellView.swift in Sources */,
				326A0908223DD7E9009A8313 /* SubtitleTrackContainerView.swift in Sources */,
				321DC3D222360F410038C8FB /* FontViewController.swift in Sources */,
				562A68871F2D4F5E000E6B16 /* MovieViewController.swift in Sources */,
				322F448E223F4CC500427898 /* GBDeviceInfo_Common.m in Sources */,
				32FEC1542276314600487C9D /* EpisodeProject+CoreDataClass.swift in Sources */,
				32F53CD122376314007B66E1 /* UnscrollableScrollView.swift in Sources */,
				3216F828227501F200E11EBD /* ComboColorWell.swift in Sources */,
				321DC3CB2236037C0038C8FB /* WaveFormDrawer.swift in Sources */,
				321DC3F5223615E90038C8FB /* MainSplitViewController.swift in Sources */,
				32FEC1562276324400487C9D /* NSMutableSet+Additions.m in Sources */,
				322F4497223F818F00427898 /* CaptionWaveformBox.swift in Sources */,
				321DC3F0223611F00038C8FB /* ResizableInputContainerView.swift in Sources */,
				321DC3F92236216B0038C8FB /* Helper.swift in Sources */,
				326A0916223F131F009A8313 /* ShadowPreferences.swift in Sources */,
				326A0910223F03BE009A8313 /* QuickCaptionApplication.swift in Sources */,
				326A090C223E0CD2009A8313 /* VideoPreviewContainerView.swift in Sources */,
				326A0918223F297C009A8313 /* Saver.swift in Sources */,
				32FEC1572276324700487C9D /* NSSet+Additions.m in Sources */,
				562A68851F2D4F5E000E6B16 /* AppDelegate.swift in Sources */,
				321DC3FD223623500038C8FB /* Exporter.swift in Sources */,
				3204751F223DA1A30027218F /* CaptionBoxView.swift in Sources */,
				3238E9472276080E005A0145 /* NSObject+KVO.m in Sources */,
				321DC3CE22360ADC0038C8FB /* SidebarViewController.swift in Sources */,
				32F53CCC22376052007B66E1 /* CaptionDetailTableCellView.swift in Sources */,
				321DC3D022360F310038C8FB /* SubtitlesViewController.swift in Sources */,
				321DC3D4223610750038C8FB /* SideTabViewController.swift in Sources */,
				322F448D223F4CC500427898 /* GBDeviceInfo_OSX.m in Sources */,
				326A0912223F0699009A8313 /* QuickCaptionWindow.swift in Sources */,
				326A090A223E0C48009A8313 /* NSView+Extensions.swift in Sources */,
				321DC3C52235FE650038C8FB /* Caption.xcdatamodeld in Sources */,
				32FEC1552276314600487C9D /* EpisodeProject+CoreDataProperties.swift in Sources */,
				322F4482223F367700427898 /* WaveformPreviewContainerView.swift in Sources */,
				321DC3CC2236037C0038C8FB /* SamplesExtractor.swift in Sources */,
				3216F7F82274FC3E00E11EBD /* AppSandboxFileAccessOpenSavePanelDelegate.m in Sources */,
				324971D222190D1C00562223 /* CaptionWindowController.swift in Sources */,
				322F4495223F720F00427898 /* QuickCaptionScrollView.m in Sources */,
				32D5731322756354007BBAB6 /* NonSmoothedTextField.m in Sources */,
				32F53CE522377262007B66E1 /* CaptionLine+CoreDataProperties.swift in Sources */,
			);
			runOnlyForDeploymentPostprocessing = 0;
		};
/* End PBXSourcesBuildPhase section */

/* Begin PBXVariantGroup section */
		562A688A1F2D4F5E000E6B16 /* Main.storyboard */ = {
			isa = PBXVariantGroup;
			children = (
				562A688B1F2D4F5E000E6B16 /* Base */,
			);
			name = Main.storyboard;
			sourceTree = "<group>";
		};
/* End PBXVariantGroup section */

/* Begin XCBuildConfiguration section */
		562A688E1F2D4F5E000E6B16 /* Debug */ = {
			isa = XCBuildConfiguration;
			buildSettings = {
				ALWAYS_SEARCH_USER_PATHS = NO;
				CLANG_ANALYZER_NONNULL = YES;
				CLANG_ANALYZER_NUMBER_OBJECT_CONVERSION = YES_AGGRESSIVE;
				CLANG_CXX_LANGUAGE_STANDARD = "gnu++0x";
				CLANG_CXX_LIBRARY = "libc++";
				CLANG_ENABLE_MODULES = YES;
				CLANG_ENABLE_OBJC_ARC = YES;
				CLANG_WARN_BLOCK_CAPTURE_AUTORELEASING = YES;
				CLANG_WARN_BOOL_CONVERSION = YES;
				CLANG_WARN_COMMA = YES;
				CLANG_WARN_CONSTANT_CONVERSION = YES;
				CLANG_WARN_DEPRECATED_OBJC_IMPLEMENTATIONS = YES;
				CLANG_WARN_DIRECT_OBJC_ISA_USAGE = YES_ERROR;
				CLANG_WARN_DOCUMENTATION_COMMENTS = YES;
				CLANG_WARN_EMPTY_BODY = YES;
				CLANG_WARN_ENUM_CONVERSION = YES;
				CLANG_WARN_INFINITE_RECURSION = YES;
				CLANG_WARN_INT_CONVERSION = YES;
				CLANG_WARN_NON_LITERAL_NULL_CONVERSION = YES;
				CLANG_WARN_OBJC_IMPLICIT_RETAIN_SELF = YES;
				CLANG_WARN_OBJC_LITERAL_CONVERSION = YES;
				CLANG_WARN_OBJC_ROOT_CLASS = YES_ERROR;
				CLANG_WARN_RANGE_LOOP_ANALYSIS = YES;
				CLANG_WARN_STRICT_PROTOTYPES = YES;
				CLANG_WARN_SUSPICIOUS_MOVE = YES;
				CLANG_WARN_UNREACHABLE_CODE = YES;
				CLANG_WARN__DUPLICATE_METHOD_MATCH = YES;
				CODE_SIGN_IDENTITY = "-";
				COPY_PHASE_STRIP = NO;
				DEBUG_INFORMATION_FORMAT = dwarf;
				ENABLE_STRICT_OBJC_MSGSEND = YES;
				ENABLE_TESTABILITY = YES;
				GCC_C_LANGUAGE_STANDARD = gnu99;
				GCC_DYNAMIC_NO_PIC = NO;
				GCC_NO_COMMON_BLOCKS = YES;
				GCC_OPTIMIZATION_LEVEL = 0;
				GCC_PREPROCESSOR_DEFINITIONS = (
					"DEBUG=1",
					"$(inherited)",
				);
				GCC_WARN_64_TO_32_BIT_CONVERSION = YES;
				GCC_WARN_ABOUT_RETURN_TYPE = YES_ERROR;
				GCC_WARN_UNDECLARED_SELECTOR = YES;
				GCC_WARN_UNINITIALIZED_AUTOS = YES_AGGRESSIVE;
				GCC_WARN_UNUSED_FUNCTION = YES;
				GCC_WARN_UNUSED_VARIABLE = YES;
				MACOSX_DEPLOYMENT_TARGET = 10.12;
				MTL_ENABLE_DEBUG_INFO = YES;
				ONLY_ACTIVE_ARCH = YES;
				SDKROOT = macosx;
				SWIFT_ACTIVE_COMPILATION_CONDITIONS = DEBUG;
				SWIFT_OPTIMIZATION_LEVEL = "-Onone";
			};
			name = Debug;
		};
		562A688F1F2D4F5E000E6B16 /* Release */ = {
			isa = XCBuildConfiguration;
			buildSettings = {
				ALWAYS_SEARCH_USER_PATHS = NO;
				CLANG_ANALYZER_NONNULL = YES;
				CLANG_ANALYZER_NUMBER_OBJECT_CONVERSION = YES_AGGRESSIVE;
				CLANG_CXX_LANGUAGE_STANDARD = "gnu++0x";
				CLANG_CXX_LIBRARY = "libc++";
				CLANG_ENABLE_MODULES = YES;
				CLANG_ENABLE_OBJC_ARC = YES;
				CLANG_WARN_BLOCK_CAPTURE_AUTORELEASING = YES;
				CLANG_WARN_BOOL_CONVERSION = YES;
				CLANG_WARN_COMMA = YES;
				CLANG_WARN_CONSTANT_CONVERSION = YES;
				CLANG_WARN_DEPRECATED_OBJC_IMPLEMENTATIONS = YES;
				CLANG_WARN_DIRECT_OBJC_ISA_USAGE = YES_ERROR;
				CLANG_WARN_DOCUMENTATION_COMMENTS = YES;
				CLANG_WARN_EMPTY_BODY = YES;
				CLANG_WARN_ENUM_CONVERSION = YES;
				CLANG_WARN_INFINITE_RECURSION = YES;
				CLANG_WARN_INT_CONVERSION = YES;
				CLANG_WARN_NON_LITERAL_NULL_CONVERSION = YES;
				CLANG_WARN_OBJC_IMPLICIT_RETAIN_SELF = YES;
				CLANG_WARN_OBJC_LITERAL_CONVERSION = YES;
				CLANG_WARN_OBJC_ROOT_CLASS = YES_ERROR;
				CLANG_WARN_RANGE_LOOP_ANALYSIS = YES;
				CLANG_WARN_STRICT_PROTOTYPES = YES;
				CLANG_WARN_SUSPICIOUS_MOVE = YES;
				CLANG_WARN_UNREACHABLE_CODE = YES;
				CLANG_WARN__DUPLICATE_METHOD_MATCH = YES;
				CODE_SIGN_IDENTITY = "-";
				COPY_PHASE_STRIP = NO;
				DEBUG_INFORMATION_FORMAT = "dwarf-with-dsym";
				ENABLE_NS_ASSERTIONS = NO;
				ENABLE_STRICT_OBJC_MSGSEND = YES;
				GCC_C_LANGUAGE_STANDARD = gnu99;
				GCC_NO_COMMON_BLOCKS = YES;
				GCC_WARN_64_TO_32_BIT_CONVERSION = YES;
				GCC_WARN_ABOUT_RETURN_TYPE = YES_ERROR;
				GCC_WARN_UNDECLARED_SELECTOR = YES;
				GCC_WARN_UNINITIALIZED_AUTOS = YES_AGGRESSIVE;
				GCC_WARN_UNUSED_FUNCTION = YES;
				GCC_WARN_UNUSED_VARIABLE = YES;
				MACOSX_DEPLOYMENT_TARGET = 10.12;
				MTL_ENABLE_DEBUG_INFO = NO;
				SDKROOT = macosx;
				SWIFT_COMPILATION_MODE = wholemodule;
				SWIFT_OPTIMIZATION_LEVEL = "-O";
			};
			name = Release;
		};
		562A68911F2D4F5E000E6B16 /* Debug */ = {
			isa = XCBuildConfiguration;
			buildSettings = {
				ASSETCATALOG_COMPILER_APPICON_NAME = AppIcon;
				CLANG_ENABLE_MODULES = YES;
				CODE_SIGN_ENTITLEMENTS = "Quick Caption.entitlements";
				CODE_SIGN_IDENTITY = "Mac Developer";
				COMBINE_HIDPI_IMAGES = YES;
				DEVELOPMENT_TEAM = 3Q7XKEDZ36;
				ENABLE_HARDENED_RUNTIME = YES;
				FRAMEWORK_SEARCH_PATHS = (
					"$(inherited)",
					"$(PROJECT_DIR)/Caption",
					"$(PROJECT_DIR)",
					"$(PROJECT_DIR)/Caption/Frameworks",
				);
				INFOPLIST_FILE = "$(SRCROOT)/Caption/Others/Info.plist";
				LD_RUNPATH_SEARCH_PATHS = (
					"$(inherited)",
					"@executable_path/../Frameworks",
				);
				MACOSX_DEPLOYMENT_TARGET = 10.11;
				PRODUCT_BUNDLE_IDENTIFIER = com.dim.Caption;
				PRODUCT_NAME = "$(TARGET_NAME)";
				SWIFT_OBJC_BRIDGING_HEADER = "Caption/Others/Quick Caption-Bridging-Header.h";
				SWIFT_OPTIMIZATION_LEVEL = "-Onone";
				SWIFT_VERSION = 5.0;
			};
			name = Debug;
		};
		562A68921F2D4F5E000E6B16 /* Release */ = {
			isa = XCBuildConfiguration;
			buildSettings = {
				ASSETCATALOG_COMPILER_APPICON_NAME = AppIcon;
				CLANG_ENABLE_MODULES = YES;
				CODE_SIGN_ENTITLEMENTS = "Quick Caption.entitlements";
				CODE_SIGN_IDENTITY = "Mac Developer";
				COMBINE_HIDPI_IMAGES = YES;
				DEVELOPMENT_TEAM = 3Q7XKEDZ36;
				ENABLE_HARDENED_RUNTIME = YES;
				FRAMEWORK_SEARCH_PATHS = (
					"$(inherited)",
					"$(PROJECT_DIR)/Caption",
					"$(PROJECT_DIR)",
					"$(PROJECT_DIR)/Caption/Frameworks",
				);
				INFOPLIST_FILE = "$(SRCROOT)/Caption/Others/Info.plist";
				LD_RUNPATH_SEARCH_PATHS = (
					"$(inherited)",
					"@executable_path/../Frameworks",
				);
				MACOSX_DEPLOYMENT_TARGET = 10.11;
				PRODUCT_BUNDLE_IDENTIFIER = com.dim.Caption;
				PRODUCT_NAME = "$(TARGET_NAME)";
				SWIFT_OBJC_BRIDGING_HEADER = "Caption/Others/Quick Caption-Bridging-Header.h";
				SWIFT_VERSION = 5.0;
			};
			name = Release;
		};
/* End XCBuildConfiguration section */

/* Begin XCConfigurationList section */
		562A687C1F2D4F5E000E6B16 /* Build configuration list for PBXProject "Quick Caption" */ = {
			isa = XCConfigurationList;
			buildConfigurations = (
				562A688E1F2D4F5E000E6B16 /* Debug */,
				562A688F1F2D4F5E000E6B16 /* Release */,
			);
			defaultConfigurationIsVisible = 0;
			defaultConfigurationName = Release;
		};
		562A68901F2D4F5E000E6B16 /* Build configuration list for PBXNativeTarget "Quick Caption" */ = {
			isa = XCConfigurationList;
			buildConfigurations = (
				562A68911F2D4F5E000E6B16 /* Debug */,
				562A68921F2D4F5E000E6B16 /* Release */,
			);
			defaultConfigurationIsVisible = 0;
			defaultConfigurationName = Release;
		};
/* End XCConfigurationList section */

/* Begin XCVersionGroup section */
		321DC3C32235FE650038C8FB /* Caption.xcdatamodeld */ = {
			isa = XCVersionGroup;
			children = (
				321DC3C42235FE650038C8FB /* Caption.xcdatamodel */,
			);
			currentVersion = 321DC3C42235FE650038C8FB /* Caption.xcdatamodel */;
			path = Caption.xcdatamodeld;
			sourceTree = "<group>";
			versionGroupType = wrapper.xcdatamodel;
		};
/* End XCVersionGroup section */
	};
	rootObject = 562A68791F2D4F5E000E6B16 /* Project object */;
}
