// !$*UTF8*$!
{
	archiveVersion = 1;
	classes = {
	};
	objectVersion = 46;
	objects = {

/* Begin PBXBuildFile section */
		321DC3C52235FE650038C8FB /* Caption.xcdatamodeld in Sources */ = {isa = PBXBuildFile; fileRef = 321DC3C32235FE650038C8FB /* Caption.xcdatamodeld */; };
		321DC3CA2236037C0038C8FB /* ExampleViewController.swift in Sources */ = {isa = PBXBuildFile; fileRef = 321DC3C72236037C0038C8FB /* ExampleViewController.swift */; };
		321DC3CB2236037C0038C8FB /* WaveFormDrawer.swift in Sources */ = {isa = PBXBuildFile; fileRef = 321DC3C82236037C0038C8FB /* WaveFormDrawer.swift */; };
		321DC3CC2236037C0038C8FB /* SamplesExtractor.swift in Sources */ = {isa = PBXBuildFile; fileRef = 321DC3C92236037C0038C8FB /* SamplesExtractor.swift */; };
		321DC3CE22360ADC0038C8FB /* SidebarViewController.swift in Sources */ = {isa = PBXBuildFile; fileRef = 321DC3CD22360ADC0038C8FB /* SidebarViewController.swift */; };
		321DC3D022360F310038C8FB /* SubtitlesViewController.swift in Sources */ = {isa = PBXBuildFile; fileRef = 321DC3CF22360F310038C8FB /* SubtitlesViewController.swift */; };
		321DC3D222360F410038C8FB /* FontViewController.swift in Sources */ = {isa = PBXBuildFile; fileRef = 321DC3D122360F410038C8FB /* FontViewController.swift */; };
		321DC3D4223610750038C8FB /* SideTabViewController.swift in Sources */ = {isa = PBXBuildFile; fileRef = 321DC3D3223610750038C8FB /* SideTabViewController.swift */; };
		321DC3F0223611F00038C8FB /* ResizableInputContainerView.swift in Sources */ = {isa = PBXBuildFile; fileRef = 321DC3EF223611F00038C8FB /* ResizableInputContainerView.swift */; };
		321DC3F5223615E90038C8FB /* MainSplitViewController.swift in Sources */ = {isa = PBXBuildFile; fileRef = 321DC3F4223615E90038C8FB /* MainSplitViewController.swift */; };
		321DC3F722361E3D0038C8FB /* CaptionExportViewController.swift in Sources */ = {isa = PBXBuildFile; fileRef = 321DC3F622361E3D0038C8FB /* CaptionExportViewController.swift */; };
		323EE3BB2219439F00CC22B3 /* AppCenter.framework in Frameworks */ = {isa = PBXBuildFile; fileRef = 323EE3B52219439F00CC22B3 /* AppCenter.framework */; };
		323EE3BC2219439F00CC22B3 /* Sparkle.framework in Frameworks */ = {isa = PBXBuildFile; fileRef = 323EE3B62219439F00CC22B3 /* Sparkle.framework */; };
		323EE3BD2219439F00CC22B3 /* AppCenterCrashes.framework in Frameworks */ = {isa = PBXBuildFile; fileRef = 323EE3B72219439F00CC22B3 /* AppCenterCrashes.framework */; };
		323EE3BE2219439F00CC22B3 /* AppCenterAnalytics.framework in Frameworks */ = {isa = PBXBuildFile; fileRef = 323EE3B82219439F00CC22B3 /* AppCenterAnalytics.framework */; };
		323EE3C02219439F00CC22B3 /* LetsMove.framework in Frameworks */ = {isa = PBXBuildFile; fileRef = 323EE3BA2219439F00CC22B3 /* LetsMove.framework */; };
		323EE3C5221943AF00CC22B3 /* LetsMove.framework in CopyFiles */ = {isa = PBXBuildFile; fileRef = 323EE3BA2219439F00CC22B3 /* LetsMove.framework */; settings = {ATTRIBUTES = (CodeSignOnCopy, RemoveHeadersOnCopy, ); }; };
		323EE3C6221943B100CC22B3 /* Sparkle.framework in CopyFiles */ = {isa = PBXBuildFile; fileRef = 323EE3B62219439F00CC22B3 /* Sparkle.framework */; settings = {ATTRIBUTES = (CodeSignOnCopy, RemoveHeadersOnCopy, ); }; };
		324971D222190D1C00562223 /* CaptionWindowController.swift in Sources */ = {isa = PBXBuildFile; fileRef = 324971D122190D1C00562223 /* CaptionWindowController.swift */; };
		324971DB221929C000562223 /* Security.framework in Frameworks */ = {isa = PBXBuildFile; fileRef = 324971DA221929C000562223 /* Security.framework */; };
		3C43B6942068A7A000219EF6 /* film.icns in Resources */ = {isa = PBXBuildFile; fileRef = 3C43B6932068A7A000219EF6 /* film.icns */; };
		3C48DF242065D80800AD29B6 /* CaptionLine.swift in Sources */ = {isa = PBXBuildFile; fileRef = 3C48DF232065D80800AD29B6 /* CaptionLine.swift */; };
		3C7D2E592066F96100F5B22F /* FileCoordinator.swift in Sources */ = {isa = PBXBuildFile; fileRef = 3C7D2E582066F96100F5B22F /* FileCoordinator.swift */; };
		562A68851F2D4F5E000E6B16 /* AppDelegate.swift in Sources */ = {isa = PBXBuildFile; fileRef = 562A68841F2D4F5E000E6B16 /* AppDelegate.swift */; };
		562A68871F2D4F5E000E6B16 /* MovieViewController.swift in Sources */ = {isa = PBXBuildFile; fileRef = 562A68861F2D4F5E000E6B16 /* MovieViewController.swift */; };
		562A68891F2D4F5E000E6B16 /* Assets.xcassets in Resources */ = {isa = PBXBuildFile; fileRef = 562A68881F2D4F5E000E6B16 /* Assets.xcassets */; };
		562A688C1F2D4F5E000E6B16 /* Main.storyboard in Resources */ = {isa = PBXBuildFile; fileRef = 562A688A1F2D4F5E000E6B16 /* Main.storyboard */; };
		562A68951F2D4FBE000E6B16 /* AVFoundation.framework in Frameworks */ = {isa = PBXBuildFile; fileRef = 562A68941F2D4FBE000E6B16 /* AVFoundation.framework */; };
		562A68971F2D4FC1000E6B16 /* AVKit.framework in Frameworks */ = {isa = PBXBuildFile; fileRef = 562A68961F2D4FC1000E6B16 /* AVKit.framework */; };
/* End PBXBuildFile section */

/* Begin PBXCopyFilesBuildPhase section */
		324971D52219245F00562223 /* CopyFiles */ = {
			isa = PBXCopyFilesBuildPhase;
			buildActionMask = 2147483647;
			dstPath = "";
			dstSubfolderSpec = 10;
			files = (
				323EE3C5221943AF00CC22B3 /* LetsMove.framework in CopyFiles */,
				323EE3C6221943B100CC22B3 /* Sparkle.framework in CopyFiles */,
			);
			runOnlyForDeploymentPostprocessing = 0;
		};
/* End PBXCopyFilesBuildPhase section */

/* Begin PBXFileReference section */
		321DC3C42235FE650038C8FB /* Caption.xcdatamodel */ = {isa = PBXFileReference; lastKnownFileType = wrapper.xcdatamodel; path = Caption.xcdatamodel; sourceTree = "<group>"; };
		321DC3C72236037C0038C8FB /* ExampleViewController.swift */ = {isa = PBXFileReference; fileEncoding = 4; lastKnownFileType = sourcecode.swift; path = ExampleViewController.swift; sourceTree = "<group>"; };
		321DC3C82236037C0038C8FB /* WaveFormDrawer.swift */ = {isa = PBXFileReference; fileEncoding = 4; lastKnownFileType = sourcecode.swift; path = WaveFormDrawer.swift; sourceTree = "<group>"; };
		321DC3C92236037C0038C8FB /* SamplesExtractor.swift */ = {isa = PBXFileReference; fileEncoding = 4; lastKnownFileType = sourcecode.swift; path = SamplesExtractor.swift; sourceTree = "<group>"; };
		321DC3CD22360ADC0038C8FB /* SidebarViewController.swift */ = {isa = PBXFileReference; lastKnownFileType = sourcecode.swift; path = SidebarViewController.swift; sourceTree = "<group>"; };
		321DC3CF22360F310038C8FB /* SubtitlesViewController.swift */ = {isa = PBXFileReference; lastKnownFileType = sourcecode.swift; path = SubtitlesViewController.swift; sourceTree = "<group>"; };
		321DC3D122360F410038C8FB /* FontViewController.swift */ = {isa = PBXFileReference; lastKnownFileType = sourcecode.swift; path = FontViewController.swift; sourceTree = "<group>"; };
		321DC3D3223610750038C8FB /* SideTabViewController.swift */ = {isa = PBXFileReference; lastKnownFileType = sourcecode.swift; path = SideTabViewController.swift; sourceTree = "<group>"; };
		321DC3EF223611F00038C8FB /* ResizableInputContainerView.swift */ = {isa = PBXFileReference; lastKnownFileType = sourcecode.swift; path = ResizableInputContainerView.swift; sourceTree = "<group>"; };
		321DC3F4223615E90038C8FB /* MainSplitViewController.swift */ = {isa = PBXFileReference; lastKnownFileType = sourcecode.swift; path = MainSplitViewController.swift; sourceTree = "<group>"; };
		321DC3F622361E3D0038C8FB /* CaptionExportViewController.swift */ = {isa = PBXFileReference; lastKnownFileType = sourcecode.swift; path = CaptionExportViewController.swift; sourceTree = "<group>"; };
		323EE3B52219439F00CC22B3 /* AppCenter.framework */ = {isa = PBXFileReference; lastKnownFileType = wrapper.framework; name = AppCenter.framework; path = Caption/Frameworks/AppCenter.framework; sourceTree = "<group>"; };
		323EE3B62219439F00CC22B3 /* Sparkle.framework */ = {isa = PBXFileReference; lastKnownFileType = wrapper.framework; name = Sparkle.framework; path = Caption/Frameworks/Sparkle.framework; sourceTree = "<group>"; };
		323EE3B72219439F00CC22B3 /* AppCenterCrashes.framework */ = {isa = PBXFileReference; lastKnownFileType = wrapper.framework; name = AppCenterCrashes.framework; path = Caption/Frameworks/AppCenterCrashes.framework; sourceTree = "<group>"; };
		323EE3B82219439F00CC22B3 /* AppCenterAnalytics.framework */ = {isa = PBXFileReference; lastKnownFileType = wrapper.framework; name = AppCenterAnalytics.framework; path = Caption/Frameworks/AppCenterAnalytics.framework; sourceTree = "<group>"; };
		323EE3BA2219439F00CC22B3 /* LetsMove.framework */ = {isa = PBXFileReference; lastKnownFileType = wrapper.framework; name = LetsMove.framework; path = Caption/Frameworks/LetsMove.framework; sourceTree = "<group>"; };
		324971D122190D1C00562223 /* CaptionWindowController.swift */ = {isa = PBXFileReference; lastKnownFileType = sourcecode.swift; path = CaptionWindowController.swift; sourceTree = "<group>"; };
		324971DA221929C000562223 /* Security.framework */ = {isa = PBXFileReference; lastKnownFileType = wrapper.framework; name = Security.framework; path = System/Library/Frameworks/Security.framework; sourceTree = SDKROOT; };
		3C43B6932068A7A000219EF6 /* film.icns */ = {isa = PBXFileReference; lastKnownFileType = image.icns; path = film.icns; sourceTree = "<group>"; };
		3C48DF232065D80800AD29B6 /* CaptionLine.swift */ = {isa = PBXFileReference; lastKnownFileType = sourcecode.swift; path = CaptionLine.swift; sourceTree = "<group>"; };
		3C7D2E572066F7F600F5B22F /* Quick Caption.entitlements */ = {isa = PBXFileReference; lastKnownFileType = text.plist.entitlements; path = "Quick Caption.entitlements"; sourceTree = "<group>"; };
		3C7D2E582066F96100F5B22F /* FileCoordinator.swift */ = {isa = PBXFileReference; lastKnownFileType = sourcecode.swift; path = FileCoordinator.swift; sourceTree = "<group>"; };
		562A68811F2D4F5E000E6B16 /* Quick Caption.app */ = {isa = PBXFileReference; explicitFileType = wrapper.application; includeInIndex = 0; path = "Quick Caption.app"; sourceTree = BUILT_PRODUCTS_DIR; };
		562A68841F2D4F5E000E6B16 /* AppDelegate.swift */ = {isa = PBXFileReference; lastKnownFileType = sourcecode.swift; path = AppDelegate.swift; sourceTree = "<group>"; };
		562A68861F2D4F5E000E6B16 /* MovieViewController.swift */ = {isa = PBXFileReference; lastKnownFileType = sourcecode.swift; path = MovieViewController.swift; sourceTree = "<group>"; };
		562A68881F2D4F5E000E6B16 /* Assets.xcassets */ = {isa = PBXFileReference; lastKnownFileType = folder.assetcatalog; path = Assets.xcassets; sourceTree = "<group>"; };
		562A688B1F2D4F5E000E6B16 /* Base */ = {isa = PBXFileReference; lastKnownFileType = file.storyboard; name = Base; path = Base.lproj/Main.storyboard; sourceTree = "<group>"; };
		562A688D1F2D4F5E000E6B16 /* Info.plist */ = {isa = PBXFileReference; lastKnownFileType = text.plist.xml; path = Info.plist; sourceTree = "<group>"; };
		562A68941F2D4FBE000E6B16 /* AVFoundation.framework */ = {isa = PBXFileReference; lastKnownFileType = wrapper.framework; name = AVFoundation.framework; path = System/Library/Frameworks/AVFoundation.framework; sourceTree = SDKROOT; };
		562A68961F2D4FC1000E6B16 /* AVKit.framework */ = {isa = PBXFileReference; lastKnownFileType = wrapper.framework; name = AVKit.framework; path = System/Library/Frameworks/AVKit.framework; sourceTree = SDKROOT; };
/* End PBXFileReference section */

/* Begin PBXFrameworksBuildPhase section */
		562A687E1F2D4F5E000E6B16 /* Frameworks */ = {
			isa = PBXFrameworksBuildPhase;
			buildActionMask = 2147483647;
			files = (
				324971DB221929C000562223 /* Security.framework in Frameworks */,
				323EE3BB2219439F00CC22B3 /* AppCenter.framework in Frameworks */,
				323EE3C02219439F00CC22B3 /* LetsMove.framework in Frameworks */,
				323EE3BC2219439F00CC22B3 /* Sparkle.framework in Frameworks */,
				323EE3BE2219439F00CC22B3 /* AppCenterAnalytics.framework in Frameworks */,
				562A68971F2D4FC1000E6B16 /* AVKit.framework in Frameworks */,
				562A68951F2D4FBE000E6B16 /* AVFoundation.framework in Frameworks */,
				323EE3BD2219439F00CC22B3 /* AppCenterCrashes.framework in Frameworks */,
			);
			runOnlyForDeploymentPostprocessing = 0;
		};
/* End PBXFrameworksBuildPhase section */

/* Begin PBXGroup section */
		321DC3C6223603740038C8FB /* Waveform */ = {
			isa = PBXGroup;
			children = (
				321DC3C72236037C0038C8FB /* ExampleViewController.swift */,
				321DC3C92236037C0038C8FB /* SamplesExtractor.swift */,
				321DC3C82236037C0038C8FB /* WaveFormDrawer.swift */,
			);
			path = Waveform;
			sourceTree = "<group>";
		};
		321DC3F12236156F0038C8FB /* Views */ = {
			isa = PBXGroup;
			children = (
				562A688A1F2D4F5E000E6B16 /* Main.storyboard */,
				321DC3F622361E3D0038C8FB /* CaptionExportViewController.swift */,
				321DC3F4223615E90038C8FB /* MainSplitViewController.swift */,
				562A68861F2D4F5E000E6B16 /* MovieViewController.swift */,
				324971D122190D1C00562223 /* CaptionWindowController.swift */,
				321DC3CD22360ADC0038C8FB /* SidebarViewController.swift */,
				321DC3CF22360F310038C8FB /* SubtitlesViewController.swift */,
				321DC3D122360F410038C8FB /* FontViewController.swift */,
				321DC3D3223610750038C8FB /* SideTabViewController.swift */,
				321DC3EF223611F00038C8FB /* ResizableInputContainerView.swift */,
			);
			path = Views;
			sourceTree = "<group>";
		};
		321DC3F22236157D0038C8FB /* Model */ = {
			isa = PBXGroup;
			children = (
				3C7D2E582066F96100F5B22F /* FileCoordinator.swift */,
				3C48DF232065D80800AD29B6 /* CaptionLine.swift */,
				321DC3C32235FE650038C8FB /* Caption.xcdatamodeld */,
			);
			path = Model;
			sourceTree = "<group>";
		};
		321DC3F3223615840038C8FB /* Others */ = {
			isa = PBXGroup;
			children = (
				562A68841F2D4F5E000E6B16 /* AppDelegate.swift */,
				3C43B6932068A7A000219EF6 /* film.icns */,
				562A68881F2D4F5E000E6B16 /* Assets.xcassets */,
				562A688D1F2D4F5E000E6B16 /* Info.plist */,
			);
			path = Others;
			sourceTree = "<group>";
		};
		562A68781F2D4F5E000E6B16 = {
			isa = PBXGroup;
			children = (
				3C7D2E572066F7F600F5B22F /* Quick Caption.entitlements */,
				562A68831F2D4F5E000E6B16 /* Caption */,
				562A68821F2D4F5E000E6B16 /* Products */,
				562A68931F2D4FBE000E6B16 /* Frameworks */,
			);
			sourceTree = "<group>";
		};
		562A68821F2D4F5E000E6B16 /* Products */ = {
			isa = PBXGroup;
			children = (
				562A68811F2D4F5E000E6B16 /* Quick Caption.app */,
			);
			name = Products;
			sourceTree = "<group>";
		};
		562A68831F2D4F5E000E6B16 /* Caption */ = {
			isa = PBXGroup;
			children = (
				321DC3C6223603740038C8FB /* Waveform */,
				321DC3F22236157D0038C8FB /* Model */,
				321DC3F12236156F0038C8FB /* Views */,
				321DC3F3223615840038C8FB /* Others */,
			);
			path = Caption;
			sourceTree = "<group>";
		};
		562A68931F2D4FBE000E6B16 /* Frameworks */ = {
			isa = PBXGroup;
			children = (
				323EE3B52219439F00CC22B3 /* AppCenter.framework */,
				323EE3B82219439F00CC22B3 /* AppCenterAnalytics.framework */,
				323EE3B72219439F00CC22B3 /* AppCenterCrashes.framework */,
				323EE3BA2219439F00CC22B3 /* LetsMove.framework */,
				323EE3B62219439F00CC22B3 /* Sparkle.framework */,
				324971DA221929C000562223 /* Security.framework */,
				562A68961F2D4FC1000E6B16 /* AVKit.framework */,
				562A68941F2D4FBE000E6B16 /* AVFoundation.framework */,
			);
			name = Frameworks;
			sourceTree = "<group>";
		};
/* End PBXGroup section */

/* Begin PBXNativeTarget section */
		562A68801F2D4F5E000E6B16 /* Quick Caption */ = {
			isa = PBXNativeTarget;
			buildConfigurationList = 562A68901F2D4F5E000E6B16 /* Build configuration list for PBXNativeTarget "Quick Caption" */;
			buildPhases = (
				562A687D1F2D4F5E000E6B16 /* Sources */,
				562A687E1F2D4F5E000E6B16 /* Frameworks */,
				562A687F1F2D4F5E000E6B16 /* Resources */,
				324971D52219245F00562223 /* CopyFiles */,
			);
			buildRules = (
			);
			dependencies = (
			);
			name = "Quick Caption";
			productName = Caption;
			productReference = 562A68811F2D4F5E000E6B16 /* Quick Caption.app */;
			productType = "com.apple.product-type.application";
		};
/* End PBXNativeTarget section */

/* Begin PBXProject section */
		562A68791F2D4F5E000E6B16 /* Project object */ = {
			isa = PBXProject;
			attributes = {
				LastSwiftUpdateCheck = 0830;
				LastUpgradeCheck = 1000;
				ORGANIZATIONNAME = Bright;
				TargetAttributes = {
					562A68801F2D4F5E000E6B16 = {
						CreatedOnToolsVersion = 8.3.3;
						DevelopmentTeam = 3Q7XKEDZ36;
						LastSwiftMigration = 0920;
						ProvisioningStyle = Automatic;
						SystemCapabilities = {
							com.apple.HardenedRuntime = {
								enabled = 1;
							};
							com.apple.Push = {
								enabled = 0;
							};
							com.apple.Sandbox = {
								enabled = 0;
							};
						};
					};
				};
			};
			buildConfigurationList = 562A687C1F2D4F5E000E6B16 /* Build configuration list for PBXProject "Quick Caption" */;
			compatibilityVersion = "Xcode 3.2";
			developmentRegion = English;
			hasScannedForEncodings = 0;
			knownRegions = (
				en,
				Base,
			);
			mainGroup = 562A68781F2D4F5E000E6B16;
			productRefGroup = 562A68821F2D4F5E000E6B16 /* Products */;
			projectDirPath = "";
			projectRoot = "";
			targets = (
				562A68801F2D4F5E000E6B16 /* Quick Caption */,
			);
		};
/* End PBXProject section */

/* Begin PBXResourcesBuildPhase section */
		562A687F1F2D4F5E000E6B16 /* Resources */ = {
			isa = PBXResourcesBuildPhase;
			buildActionMask = 2147483647;
			files = (
				3C43B6942068A7A000219EF6 /* film.icns in Resources */,
				562A68891F2D4F5E000E6B16 /* Assets.xcassets in Resources */,
				562A688C1F2D4F5E000E6B16 /* Main.storyboard in Resources */,
			);
			runOnlyForDeploymentPostprocessing = 0;
		};
/* End PBXResourcesBuildPhase section */

/* Begin PBXSourcesBuildPhase section */
		562A687D1F2D4F5E000E6B16 /* Sources */ = {
			isa = PBXSourcesBuildPhase;
			buildActionMask = 2147483647;
			files = (
				3C7D2E592066F96100F5B22F /* FileCoordinator.swift in Sources */,
				321DC3F722361E3D0038C8FB /* CaptionExportViewController.swift in Sources */,
				321DC3D222360F410038C8FB /* FontViewController.swift in Sources */,
				3C48DF242065D80800AD29B6 /* CaptionLine.swift in Sources */,
				562A68871F2D4F5E000E6B16 /* MovieViewController.swift in Sources */,
				321DC3CB2236037C0038C8FB /* WaveFormDrawer.swift in Sources */,
				321DC3F5223615E90038C8FB /* MainSplitViewController.swift in Sources */,
				321DC3F0223611F00038C8FB /* ResizableInputContainerView.swift in Sources */,
				562A68851F2D4F5E000E6B16 /* AppDelegate.swift in Sources */,
				321DC3CE22360ADC0038C8FB /* SidebarViewController.swift in Sources */,
				321DC3D022360F310038C8FB /* SubtitlesViewController.swift in Sources */,
				321DC3D4223610750038C8FB /* SideTabViewController.swift in Sources */,
				321DC3CA2236037C0038C8FB /* ExampleViewController.swift in Sources */,
				321DC3C52235FE650038C8FB /* Caption.xcdatamodeld in Sources */,
				321DC3CC2236037C0038C8FB /* SamplesExtractor.swift in Sources */,
				324971D222190D1C00562223 /* CaptionWindowController.swift in Sources */,
			);
			runOnlyForDeploymentPostprocessing = 0;
		};
/* End PBXSourcesBuildPhase section */

/* Begin PBXVariantGroup section */
		562A688A1F2D4F5E000E6B16 /* Main.storyboard */ = {
			isa = PBXVariantGroup;
			children = (
				562A688B1F2D4F5E000E6B16 /* Base */,
			);
			name = Main.storyboard;
			sourceTree = "<group>";
		};
/* End PBXVariantGroup section */

/* Begin XCBuildConfiguration section */
		562A688E1F2D4F5E000E6B16 /* Debug */ = {
			isa = XCBuildConfiguration;
			buildSettings = {
				ALWAYS_SEARCH_USER_PATHS = NO;
				CLANG_ANALYZER_NONNULL = YES;
				CLANG_ANALYZER_NUMBER_OBJECT_CONVERSION = YES_AGGRESSIVE;
				CLANG_CXX_LANGUAGE_STANDARD = "gnu++0x";
				CLANG_CXX_LIBRARY = "libc++";
				CLANG_ENABLE_MODULES = YES;
				CLANG_ENABLE_OBJC_ARC = YES;
				CLANG_WARN_BLOCK_CAPTURE_AUTORELEASING = YES;
				CLANG_WARN_BOOL_CONVERSION = YES;
				CLANG_WARN_COMMA = YES;
				CLANG_WARN_CONSTANT_CONVERSION = YES;
				CLANG_WARN_DEPRECATED_OBJC_IMPLEMENTATIONS = YES;
				CLANG_WARN_DIRECT_OBJC_ISA_USAGE = YES_ERROR;
				CLANG_WARN_DOCUMENTATION_COMMENTS = YES;
				CLANG_WARN_EMPTY_BODY = YES;
				CLANG_WARN_ENUM_CONVERSION = YES;
				CLANG_WARN_INFINITE_RECURSION = YES;
				CLANG_WARN_INT_CONVERSION = YES;
				CLANG_WARN_NON_LITERAL_NULL_CONVERSION = YES;
				CLANG_WARN_OBJC_IMPLICIT_RETAIN_SELF = YES;
				CLANG_WARN_OBJC_LITERAL_CONVERSION = YES;
				CLANG_WARN_OBJC_ROOT_CLASS = YES_ERROR;
				CLANG_WARN_RANGE_LOOP_ANALYSIS = YES;
				CLANG_WARN_STRICT_PROTOTYPES = YES;
				CLANG_WARN_SUSPICIOUS_MOVE = YES;
				CLANG_WARN_UNREACHABLE_CODE = YES;
				CLANG_WARN__DUPLICATE_METHOD_MATCH = YES;
				CODE_SIGN_IDENTITY = "-";
				COPY_PHASE_STRIP = NO;
				DEBUG_INFORMATION_FORMAT = dwarf;
				ENABLE_STRICT_OBJC_MSGSEND = YES;
				ENABLE_TESTABILITY = YES;
				GCC_C_LANGUAGE_STANDARD = gnu99;
				GCC_DYNAMIC_NO_PIC = NO;
				GCC_NO_COMMON_BLOCKS = YES;
				GCC_OPTIMIZATION_LEVEL = 0;
				GCC_PREPROCESSOR_DEFINITIONS = (
					"DEBUG=1",
					"$(inherited)",
				);
				GCC_WARN_64_TO_32_BIT_CONVERSION = YES;
				GCC_WARN_ABOUT_RETURN_TYPE = YES_ERROR;
				GCC_WARN_UNDECLARED_SELECTOR = YES;
				GCC_WARN_UNINITIALIZED_AUTOS = YES_AGGRESSIVE;
				GCC_WARN_UNUSED_FUNCTION = YES;
				GCC_WARN_UNUSED_VARIABLE = YES;
				MACOSX_DEPLOYMENT_TARGET = 10.12;
				MTL_ENABLE_DEBUG_INFO = YES;
				ONLY_ACTIVE_ARCH = YES;
				SDKROOT = macosx;
				SWIFT_ACTIVE_COMPILATION_CONDITIONS = DEBUG;
				SWIFT_OPTIMIZATION_LEVEL = "-Onone";
			};
			name = Debug;
		};
		562A688F1F2D4F5E000E6B16 /* Release */ = {
			isa = XCBuildConfiguration;
			buildSettings = {
				ALWAYS_SEARCH_USER_PATHS = NO;
				CLANG_ANALYZER_NONNULL = YES;
				CLANG_ANALYZER_NUMBER_OBJECT_CONVERSION = YES_AGGRESSIVE;
				CLANG_CXX_LANGUAGE_STANDARD = "gnu++0x";
				CLANG_CXX_LIBRARY = "libc++";
				CLANG_ENABLE_MODULES = YES;
				CLANG_ENABLE_OBJC_ARC = YES;
				CLANG_WARN_BLOCK_CAPTURE_AUTORELEASING = YES;
				CLANG_WARN_BOOL_CONVERSION = YES;
				CLANG_WARN_COMMA = YES;
				CLANG_WARN_CONSTANT_CONVERSION = YES;
				CLANG_WARN_DEPRECATED_OBJC_IMPLEMENTATIONS = YES;
				CLANG_WARN_DIRECT_OBJC_ISA_USAGE = YES_ERROR;
				CLANG_WARN_DOCUMENTATION_COMMENTS = YES;
				CLANG_WARN_EMPTY_BODY = YES;
				CLANG_WARN_ENUM_CONVERSION = YES;
				CLANG_WARN_INFINITE_RECURSION = YES;
				CLANG_WARN_INT_CONVERSION = YES;
				CLANG_WARN_NON_LITERAL_NULL_CONVERSION = YES;
				CLANG_WARN_OBJC_IMPLICIT_RETAIN_SELF = YES;
				CLANG_WARN_OBJC_LITERAL_CONVERSION = YES;
				CLANG_WARN_OBJC_ROOT_CLASS = YES_ERROR;
				CLANG_WARN_RANGE_LOOP_ANALYSIS = YES;
				CLANG_WARN_STRICT_PROTOTYPES = YES;
				CLANG_WARN_SUSPICIOUS_MOVE = YES;
				CLANG_WARN_UNREACHABLE_CODE = YES;
				CLANG_WARN__DUPLICATE_METHOD_MATCH = YES;
				CODE_SIGN_IDENTITY = "-";
				COPY_PHASE_STRIP = NO;
				DEBUG_INFORMATION_FORMAT = "dwarf-with-dsym";
				ENABLE_NS_ASSERTIONS = NO;
				ENABLE_STRICT_OBJC_MSGSEND = YES;
				GCC_C_LANGUAGE_STANDARD = gnu99;
				GCC_NO_COMMON_BLOCKS = YES;
				GCC_WARN_64_TO_32_BIT_CONVERSION = YES;
				GCC_WARN_ABOUT_RETURN_TYPE = YES_ERROR;
				GCC_WARN_UNDECLARED_SELECTOR = YES;
				GCC_WARN_UNINITIALIZED_AUTOS = YES_AGGRESSIVE;
				GCC_WARN_UNUSED_FUNCTION = YES;
				GCC_WARN_UNUSED_VARIABLE = YES;
				MACOSX_DEPLOYMENT_TARGET = 10.12;
				MTL_ENABLE_DEBUG_INFO = NO;
				SDKROOT = macosx;
				SWIFT_OPTIMIZATION_LEVEL = "-Owholemodule";
			};
			name = Release;
		};
		562A68911F2D4F5E000E6B16 /* Debug */ = {
			isa = XCBuildConfiguration;
			buildSettings = {
				ASSETCATALOG_COMPILER_APPICON_NAME = AppIcon;
				CODE_SIGN_IDENTITY = "Mac Developer";
				COMBINE_HIDPI_IMAGES = YES;
				DEVELOPMENT_TEAM = 3Q7XKEDZ36;
				ENABLE_HARDENED_RUNTIME = YES;
				FRAMEWORK_SEARCH_PATHS = (
					"$(inherited)",
					"$(PROJECT_DIR)/Caption",
					"$(PROJECT_DIR)",
					"$(PROJECT_DIR)/Caption/Frameworks",
				);
				INFOPLIST_FILE = "$(SRCROOT)/Caption/Others/Info.plist";
				LD_RUNPATH_SEARCH_PATHS = "$(inherited) @executable_path/../Frameworks";
				MACOSX_DEPLOYMENT_TARGET = 10.12;
				PRODUCT_BUNDLE_IDENTIFIER = com.dim.Caption;
				PRODUCT_NAME = "$(TARGET_NAME)";
				SWIFT_SWIFT3_OBJC_INFERENCE = Off;
				SWIFT_VERSION = 4.2;
			};
			name = Debug;
		};
		562A68921F2D4F5E000E6B16 /* Release */ = {
			isa = XCBuildConfiguration;
			buildSettings = {
				ASSETCATALOG_COMPILER_APPICON_NAME = AppIcon;
				CODE_SIGN_IDENTITY = "Mac Developer";
				COMBINE_HIDPI_IMAGES = YES;
				DEVELOPMENT_TEAM = 3Q7XKEDZ36;
				ENABLE_HARDENED_RUNTIME = YES;
				FRAMEWORK_SEARCH_PATHS = (
					"$(inherited)",
					"$(PROJECT_DIR)/Caption",
					"$(PROJECT_DIR)",
					"$(PROJECT_DIR)/Caption/Frameworks",
				);
				INFOPLIST_FILE = "$(SRCROOT)/Caption/Others/Info.plist";
				LD_RUNPATH_SEARCH_PATHS = "$(inherited) @executable_path/../Frameworks";
				MACOSX_DEPLOYMENT_TARGET = 10.12;
				PRODUCT_BUNDLE_IDENTIFIER = com.dim.Caption;
				PRODUCT_NAME = "$(TARGET_NAME)";
				SWIFT_SWIFT3_OBJC_INFERENCE = Off;
				SWIFT_VERSION = 4.2;
			};
			name = Release;
		};
/* End XCBuildConfiguration section */

/* Begin XCConfigurationList section */
		562A687C1F2D4F5E000E6B16 /* Build configuration list for PBXProject "Quick Caption" */ = {
			isa = XCConfigurationList;
			buildConfigurations = (
				562A688E1F2D4F5E000E6B16 /* Debug */,
				562A688F1F2D4F5E000E6B16 /* Release */,
			);
			defaultConfigurationIsVisible = 0;
			defaultConfigurationName = Release;
		};
		562A68901F2D4F5E000E6B16 /* Build configuration list for PBXNativeTarget "Quick Caption" */ = {
			isa = XCConfigurationList;
			buildConfigurations = (
				562A68911F2D4F5E000E6B16 /* Debug */,
				562A68921F2D4F5E000E6B16 /* Release */,
			);
			defaultConfigurationIsVisible = 0;
			defaultConfigurationName = Release;
		};
/* End XCConfigurationList section */

/* Begin XCVersionGroup section */
		321DC3C32235FE650038C8FB /* Caption.xcdatamodeld */ = {
			isa = XCVersionGroup;
			children = (
				321DC3C42235FE650038C8FB /* Caption.xcdatamodel */,
			);
			currentVersion = 321DC3C42235FE650038C8FB /* Caption.xcdatamodel */;
			path = Caption.xcdatamodeld;
			sourceTree = "<group>";
			versionGroupType = wrapper.xcdatamodel;
		};
/* End XCVersionGroup section */
	};
	rootObject = 562A68791F2D4F5E000E6B16 /* Project object */;
}
